
Microsoft Visual Studio Solution File, Format Version 12.00
# Visual Studio 15
VisualStudioVersion = 15.0.28010.2050
MinimumVisualStudioVersion = 10.0.40219.1
Project("{FAE04EC0-301F-11D3-BF4B-00C04F79EFBC}") = "TaxServiceDesktop", "TaxServiceDesktop\TaxServiceDesktop.csproj", "{13F81A2C-B949-4BCE-B580-3138B6CEA234}"
EndProject
Project("{9A19103F-16F7-4668-BE54-9A1E7A4F7556}") = "TaxServiceClient", "TaxServiceClient\TaxServiceClient.csproj", "{78F7DD26-1579-4B14-AE21-41F70A7ED83B}"
EndProject
Project("{FAE04EC0-301F-11D3-BF4B-00C04F79EFBC}") = "TaxServiceLibrary", "TaxServiceLibrary\TaxServiceLibrary.csproj", "{7B8A79EA-E700-4121-9FDB-FF2A2E5C7984}"
EndProject
Project("{FAE04EC0-301F-11D3-BF4B-00C04F79EFBC}") = "TaxServiceServer", "TaxServiceServer\TaxServiceServer.csproj", "{23E3FF43-3004-4B7A-90BA-C3994BCB3442}"
EndProject
Project("{FAE04EC0-301F-11D3-BF4B-00C04F79EFBC}") = "TaxServiceDataAccess", "TaxServiceDataAccess\TaxServiceDataAccess.csproj", "{96451ECC-2BC0-4D54-9EFE-073E13217443}"
EndProject
Global
	GlobalSection(SolutionConfigurationPlatforms) = preSolution
		Debug|Any CPU = Debug|Any CPU
		Release|Any CPU = Release|Any CPU
	EndGlobalSection
	GlobalSection(ProjectConfigurationPlatforms) = postSolution
		{13F81A2C-B949-4BCE-B580-3138B6CEA234}.Debug|Any CPU.ActiveCfg = Debug|Any CPU
		{13F81A2C-B949-4BCE-B580-3138B6CEA234}.Debug|Any CPU.Build.0 = Debug|Any CPU
		{13F81A2C-B949-4BCE-B580-3138B6CEA234}.Release|Any CPU.ActiveCfg = Release|Any CPU
		{13F81A2C-B949-4BCE-B580-3138B6CEA234}.Release|Any CPU.Build.0 = Release|Any CPU
		{78F7DD26-1579-4B14-AE21-41F70A7ED83B}.Debug|Any CPU.ActiveCfg = Debug|Any CPU
		{78F7DD26-1579-4B14-AE21-41F70A7ED83B}.Debug|Any CPU.Build.0 = Debug|Any CPU
		{78F7DD26-1579-4B14-AE21-41F70A7ED83B}.Release|Any CPU.ActiveCfg = Release|Any CPU
		{78F7DD26-1579-4B14-AE21-41F70A7ED83B}.Release|Any CPU.Build.0 = Release|Any CPU
		{7B8A79EA-E700-4121-9FDB-FF2A2E5C7984}.Debug|Any CPU.ActiveCfg = Debug|Any CPU
		{7B8A79EA-E700-4121-9FDB-FF2A2E5C7984}.Debug|Any CPU.Build.0 = Debug|Any CPU
		{7B8A79EA-E700-4121-9FDB-FF2A2E5C7984}.Release|Any CPU.ActiveCfg = Release|Any CPU
		{7B8A79EA-E700-4121-9FDB-FF2A2E5C7984}.Release|Any CPU.Build.0 = Release|Any CPU
		{23E3FF43-3004-4B7A-90BA-C3994BCB3442}.Debug|Any CPU.ActiveCfg = Debug|Any CPU
		{23E3FF43-3004-4B7A-90BA-C3994BCB3442}.Debug|Any CPU.Build.0 = Debug|Any CPU
		{23E3FF43-3004-4B7A-90BA-C3994BCB3442}.Release|Any CPU.ActiveCfg = Release|Any CPU
		{23E3FF43-3004-4B7A-90BA-C3994BCB3442}.Release|Any CPU.Build.0 = Release|Any CPU
		{96451ECC-2BC0-4D54-9EFE-073E13217443}.Debug|Any CPU.ActiveCfg = Debug|Any CPU
		{96451ECC-2BC0-4D54-9EFE-073E13217443}.Debug|Any CPU.Build.0 = Debug|Any CPU
		{96451ECC-2BC0-4D54-9EFE-073E13217443}.Release|Any CPU.ActiveCfg = Release|Any CPU
		{96451ECC-2BC0-4D54-9EFE-073E13217443}.Release|Any CPU.Build.0 = Release|Any CPU
	EndGlobalSection
	GlobalSection(SolutionProperties) = preSolution
		HideSolutionNode = FALSE
	EndGlobalSection
	GlobalSection(ExtensibilityGlobals) = postSolution
		SolutionGuid = {7BCCD831-EE08-4BCD-8AEC-870A76F413E1}
	EndGlobalSection
EndGlobal
